
Microsoft Visual Studio Solution File, Format Version 12.00
# Visual Studio Version 17
VisualStudioVersion = 17.0.31903.59
MinimumVisualStudioVersion = 10.0.40219.1
Project("{FAE04EC0-301F-11D3-BF4B-00C04F79EFBC}") = "VerticalSlice.Api", "VerticalSlice.Api\VerticalSlice.Api.csproj", "{A17A254B-7167-4FCF-87D5-27640F64F917}"
EndProject
Project("{FAE04EC0-301F-11D3-BF4B-00C04F79EFBC}") = "VerticalSlice.UnitTest", "VerticalSlice.UnitTest\VerticalSlice.UnitTest.csproj", "{ADE9E795-F546-42D4-B7F8-4BE1B7DFB181}"
EndProject
Project("{FAE04EC0-301F-11D3-BF4B-00C04F79EFBC}") = "VerticalSlice.IntegrationTests", "VerticalSlice.IntegrationTests\VerticalSlice.IntegrationTests.csproj", "{AD64F1B9-6114-47B4-B6BD-14F0F7BE9528}"
EndProject
Global
	GlobalSection(SolutionConfigurationPlatforms) = preSolution
		Debug|Any CPU = Debug|Any CPU
		Release|Any CPU = Release|Any CPU
	EndGlobalSection
	GlobalSection(SolutionProperties) = preSolution
		HideSolutionNode = FALSE
	EndGlobalSection
	GlobalSection(ProjectConfigurationPlatforms) = postSolution
		{A17A254B-7167-4FCF-87D5-27640F64F917}.Debug|Any CPU.ActiveCfg = Debug|Any CPU
		{A17A254B-7167-4FCF-87D5-27640F64F917}.Debug|Any CPU.Build.0 = Debug|Any CPU
		{A17A254B-7167-4FCF-87D5-27640F64F917}.Release|Any CPU.ActiveCfg = Release|Any CPU
		{A17A254B-7167-4FCF-87D5-27640F64F917}.Release|Any CPU.Build.0 = Release|Any CPU
		{ADE9E795-F546-42D4-B7F8-4BE1B7DFB181}.Debug|Any CPU.ActiveCfg = Debug|Any CPU
		{ADE9E795-F546-42D4-B7F8-4BE1B7DFB181}.Debug|Any CPU.Build.0 = Debug|Any CPU
		{ADE9E795-F546-42D4-B7F8-4BE1B7DFB181}.Release|Any CPU.ActiveCfg = Release|Any CPU
		{ADE9E795-F546-42D4-B7F8-4BE1B7DFB181}.Release|Any CPU.Build.0 = Release|Any CPU
		{AD64F1B9-6114-47B4-B6BD-14F0F7BE9528}.Debug|Any CPU.ActiveCfg = Debug|Any CPU
		{AD64F1B9-6114-47B4-B6BD-14F0F7BE9528}.Debug|Any CPU.Build.0 = Debug|Any CPU
		{AD64F1B9-6114-47B4-B6BD-14F0F7BE9528}.Release|Any CPU.ActiveCfg = Release|Any CPU
		{AD64F1B9-6114-47B4-B6BD-14F0F7BE9528}.Release|Any CPU.Build.0 = Release|Any CPU
	EndGlobalSection
EndGlobal
